
Microsoft Visual Studio Solution File, Format Version 12.00
# Visual Studio Version 17
VisualStudioVersion = 17.7.33906.173
MinimumVisualStudioVersion = 10.0.40219.1
Project("{9A19103F-16F7-4668-BE54-9A1E7A4F7556}") = "Pazor.Server", "Pazor\Server\Pazor.Server.csproj", "{D04CD604-98E4-46F9-8FC5-15180C05A01B}"
EndProject
Project("{9A19103F-16F7-4668-BE54-9A1E7A4F7556}") = "Pazor.Client", "Pazor\Client\Pazor.Client.csproj", "{56E285C6-FAED-422B-A89C-BA82F1D21FC2}"
EndProject
Project("{9A19103F-16F7-4668-BE54-9A1E7A4F7556}") = "Pazor.Shared", "Pazor\Shared\Pazor.Shared.csproj", "{B8838E23-54E0-4B78-A4EB-5BB26871AC47}"
EndProject
Global
	GlobalSection(SolutionConfigurationPlatforms) = preSolution
		Debug|Any CPU = Debug|Any CPU
		Release|Any CPU = Release|Any CPU
	EndGlobalSection
	GlobalSection(ProjectConfigurationPlatforms) = postSolution
		{D04CD604-98E4-46F9-8FC5-15180C05A01B}.Debug|Any CPU.ActiveCfg = Debug|Any CPU
		{D04CD604-98E4-46F9-8FC5-15180C05A01B}.Debug|Any CPU.Build.0 = Debug|Any CPU
		{D04CD604-98E4-46F9-8FC5-15180C05A01B}.Release|Any CPU.ActiveCfg = Release|Any CPU
		{D04CD604-98E4-46F9-8FC5-15180C05A01B}.Release|Any CPU.Build.0 = Release|Any CPU
		{56E285C6-FAED-422B-A89C-BA82F1D21FC2}.Debug|Any CPU.ActiveCfg = Debug|Any CPU
		{56E285C6-FAED-422B-A89C-BA82F1D21FC2}.Debug|Any CPU.Build.0 = Debug|Any CPU
		{56E285C6-FAED-422B-A89C-BA82F1D21FC2}.Release|Any CPU.ActiveCfg = Release|Any CPU
		{56E285C6-FAED-422B-A89C-BA82F1D21FC2}.Release|Any CPU.Build.0 = Release|Any CPU
		{B8838E23-54E0-4B78-A4EB-5BB26871AC47}.Debug|Any CPU.ActiveCfg = Debug|Any CPU
		{B8838E23-54E0-4B78-A4EB-5BB26871AC47}.Debug|Any CPU.Build.0 = Debug|Any CPU
		{B8838E23-54E0-4B78-A4EB-5BB26871AC47}.Release|Any CPU.ActiveCfg = Release|Any CPU
		{B8838E23-54E0-4B78-A4EB-5BB26871AC47}.Release|Any CPU.Build.0 = Release|Any CPU
	EndGlobalSection
	GlobalSection(SolutionProperties) = preSolution
		HideSolutionNode = FALSE
	EndGlobalSection
	GlobalSection(ExtensibilityGlobals) = postSolution
		SolutionGuid = {C37386F8-17AC-4D4E-8FCE-BA5ED71E0A55}
	EndGlobalSection
EndGlobal
